
Microsoft Visual Studio Solution File, Format Version 12.00
# Visual Studio Version 17
VisualStudioVersion = 17.7.34031.279
MinimumVisualStudioVersion = 10.0.40219.1
Project("{FAE04EC0-301F-11D3-BF4B-00C04F79EFBC}") = "Warmup2", "Warmup2\Warmup2.csproj", "{BADBABED-E2ED-4135-9CD8-84486BB40FA0}"
EndProject
Global
	GlobalSection(SolutionConfigurationPlatforms) = preSolution
		Debug|Any CPU = Debug|Any CPU
		Release|Any CPU = Release|Any CPU
	EndGlobalSection
	GlobalSection(ProjectConfigurationPlatforms) = postSolution
		{BADBABED-E2ED-4135-9CD8-84486BB40FA0}.Debug|Any CPU.ActiveCfg = Debug|Any CPU
		{BADBABED-E2ED-4135-9CD8-84486BB40FA0}.Debug|Any CPU.Build.0 = Debug|Any CPU
		{BADBABED-E2ED-4135-9CD8-84486BB40FA0}.Release|Any CPU.ActiveCfg = Release|Any CPU
		{BADBABED-E2ED-4135-9CD8-84486BB40FA0}.Release|Any CPU.Build.0 = Release|Any CPU
	EndGlobalSection
	GlobalSection(SolutionProperties) = preSolution
		HideSolutionNode = FALSE
	EndGlobalSection
	GlobalSection(ExtensibilityGlobals) = postSolution
		SolutionGuid = {776D18AD-9D36-4EEA-9DDA-C4433BA33075}
	EndGlobalSection
EndGlobal
